
Microsoft Visual Studio Solution File, Format Version 12.00
# Visual Studio 15
VisualStudioVersion = 15.0.28307.329
MinimumVisualStudioVersion = 10.0.40219.1
Project("{FAE04EC0-301F-11D3-BF4B-00C04F79EFBC}") = "BenUtilityLibrary", "BenUtilityLibrary\BenUtilityLibrary.csproj", "{6425CFC5-4037-40D5-9E6F-AD5ED7098B99}"
EndProject
Project("{FAE04EC0-301F-11D3-BF4B-00C04F79EFBC}") = "TestBenUtility", "TestBenUtility\TestBenUtility.csproj", "{4F9507E1-D8F2-4B75-8C35-5D262DD6EA8E}"
EndProject
Global
	GlobalSection(SolutionConfigurationPlatforms) = preSolution
		Debug|Any CPU = Debug|Any CPU
		Release|Any CPU = Release|Any CPU
	EndGlobalSection
	GlobalSection(ProjectConfigurationPlatforms) = postSolution
		{6425CFC5-4037-40D5-9E6F-AD5ED7098B99}.Debug|Any CPU.ActiveCfg = Debug|Any CPU
		{6425CFC5-4037-40D5-9E6F-AD5ED7098B99}.Debug|Any CPU.Build.0 = Debug|Any CPU
		{6425CFC5-4037-40D5-9E6F-AD5ED7098B99}.Release|Any CPU.ActiveCfg = Release|Any CPU
		{6425CFC5-4037-40D5-9E6F-AD5ED7098B99}.Release|Any CPU.Build.0 = Release|Any CPU
		{4F9507E1-D8F2-4B75-8C35-5D262DD6EA8E}.Debug|Any CPU.ActiveCfg = Debug|Any CPU
		{4F9507E1-D8F2-4B75-8C35-5D262DD6EA8E}.Debug|Any CPU.Build.0 = Debug|Any CPU
		{4F9507E1-D8F2-4B75-8C35-5D262DD6EA8E}.Release|Any CPU.ActiveCfg = Release|Any CPU
		{4F9507E1-D8F2-4B75-8C35-5D262DD6EA8E}.Release|Any CPU.Build.0 = Release|Any CPU
	EndGlobalSection
	GlobalSection(SolutionProperties) = preSolution
		HideSolutionNode = FALSE
	EndGlobalSection
	GlobalSection(ExtensibilityGlobals) = postSolution
		SolutionGuid = {B78BE9A6-B2CF-4A4B-B6B3-35E29F78729F}
	EndGlobalSection
EndGlobal
